
Microsoft Visual Studio Solution File, Format Version 12.00
# Visual Studio 15
VisualStudioVersion = 15.0.26730.16
MinimumVisualStudioVersion = 10.0.40219.1
Project("{F184B08F-C81C-45F6-A57F-5ABD9991F28F}") = "ResurgenceTimeOut", "ResurgenceTimeOut\ResurgenceTimeOut.vbproj", "{6D643394-41D6-4991-B2C5-8FE736DD2D61}"
EndProject
Global
	GlobalSection(SolutionConfigurationPlatforms) = preSolution
		Debug|Any CPU = Debug|Any CPU
		Release|Any CPU = Release|Any CPU
	EndGlobalSection
	GlobalSection(ProjectConfigurationPlatforms) = postSolution
		{6D643394-41D6-4991-B2C5-8FE736DD2D61}.Debug|Any CPU.ActiveCfg = Debug|Any CPU
		{6D643394-41D6-4991-B2C5-8FE736DD2D61}.Debug|Any CPU.Build.0 = Debug|Any CPU
		{6D643394-41D6-4991-B2C5-8FE736DD2D61}.Release|Any CPU.ActiveCfg = Release|Any CPU
		{6D643394-41D6-4991-B2C5-8FE736DD2D61}.Release|Any CPU.Build.0 = Release|Any CPU
	EndGlobalSection
	GlobalSection(SolutionProperties) = preSolution
		HideSolutionNode = FALSE
	EndGlobalSection
	GlobalSection(ExtensibilityGlobals) = postSolution
		SolutionGuid = {8A0426ED-1971-43A7-A059-70FE90836EBE}
	EndGlobalSection
EndGlobal
